# THIS IS AN AUTOGENERATED FILE. DO NOT EDIT THIS FILE DIRECTLY.
# yarn lockfile v1


git-cz@^4.7.6:
  version "4.7.6"
  resolved "https://registry.yarnpkg.com/git-cz/-/git-cz-4.7.6.tgz#1250c486f01724e801a630b848fd8786f7e67e90"
  integrity sha512-WtQEXqetJSi9LKPI77bMdSQWvLGjE93egVbR0zjXd1KFKrFvo/YE/UuGNcMeBDiwzxfQBhjyV7Hn0YUZ8Q0BcQ==
